
Microsoft Visual Studio Solution File, Format Version 12.00
# Visual Studio Version 17
VisualStudioVersion = 17.1.32421.90
MinimumVisualStudioVersion = 10.0.40219.1
Project("{8BC9CEB8-8B4A-11D0-8D11-00A0C91BC942}") = "ch4onlineShoppingDiscounts", "ch4onlineShoppingDiscounts\ch4onlineShoppingDiscounts.vcxproj", "{0E75E969-0B64-4EE9-A633-B8030B05FD71}"
EndProject
Global
	GlobalSection(SolutionConfigurationPlatforms) = preSolution
		Debug|x64 = Debug|x64
		Debug|x86 = Debug|x86
		Release|x64 = Release|x64
		Release|x86 = Release|x86
	EndGlobalSection
	GlobalSection(ProjectConfigurationPlatforms) = postSolution
		{0E75E969-0B64-4EE9-A633-B8030B05FD71}.Debug|x64.ActiveCfg = Debug|x64
		{0E75E969-0B64-4EE9-A633-B8030B05FD71}.Debug|x64.Build.0 = Debug|x64
		{0E75E969-0B64-4EE9-A633-B8030B05FD71}.Debug|x86.ActiveCfg = Debug|Win32
		{0E75E969-0B64-4EE9-A633-B8030B05FD71}.Debug|x86.Build.0 = Debug|Win32
		{0E75E969-0B64-4EE9-A633-B8030B05FD71}.Release|x64.ActiveCfg = Release|x64
		{0E75E969-0B64-4EE9-A633-B8030B05FD71}.Release|x64.Build.0 = Release|x64
		{0E75E969-0B64-4EE9-A633-B8030B05FD71}.Release|x86.ActiveCfg = Release|Win32
		{0E75E969-0B64-4EE9-A633-B8030B05FD71}.Release|x86.Build.0 = Release|Win32
	EndGlobalSection
	GlobalSection(SolutionProperties) = preSolution
		HideSolutionNode = FALSE
	EndGlobalSection
	GlobalSection(ExtensibilityGlobals) = postSolution
		SolutionGuid = {9648E531-9581-4186-82E4-BA12E8597024}
	EndGlobalSection
EndGlobal
